<?xml version="1.0" encoding="UTF-8"?>
<CONFIG>
  <ProjectOptions>
    <Version Value="11"/>
    <PathDelim Value="\"/>
    <General>
      <SessionStorage Value="InProjectDir"/>
      <MainUnit Value="0"/>
      <AutoCreateForms Value="False"/>
      <Title Value="Capella POS"/>
      <Scaled Value="True"/>
      <ResourceType Value="res"/>
      <UseXPManifest Value="True"/>
      <XPManifest>
        <DpiAware Value="True/PM"/>
        <TextName Value="PrismaDataAbadi.CapellaPOS.caposwin"/>
        <TextDesc Value="Capella ERP POS Module"/>
      </XPManifest>
      <Icon Value="0"/>
    </General>
    <VersionInfo>
      <UseVersionInfo Value="True"/>
      <StringTable CompanyName="Prisma Data Abadi" InternalName="caposwin" LegalCopyright="@ 2019 - 2021 Prisma Data Abadi" LegalTrademarks=" " ProductName="Capella ERP POS Module"/>
    </VersionInfo>
    <BuildModes Count="1">
      <Item1 Name="Default" Default="True"/>
    </BuildModes>
    <PublishOptions>
      <Version Value="2"/>
      <UseFileFilters Value="True"/>
    </PublishOptions>
    <RunParams>
      <FormatVersion Value="2"/>
      <Modes Count="0"/>
    </RunParams>
    <RequiredPackages Count="5">
      <Item1>
        <PackageName Value="JvCtrlsLazR"/>
      </Item1>
      <Item2>
        <PackageName Value="JvPageCompsR"/>
      </Item2>
      <Item3>
        <PackageName Value="JvCustomLazR"/>
      </Item3>
      <Item4>
        <PackageName Value="weblaz"/>
      </Item4>
      <Item5>
        <PackageName Value="LCL"/>
      </Item5>
    </RequiredPackages>
    <Units Count="7">
      <Unit0>
        <Filename Value="caposwin.lpr"/>
        <IsPartOfProject Value="True"/>
      </Unit0>
      <Unit1>
        <Filename Value="ubaseform.pas"/>
        <IsPartOfProject Value="True"/>
        <ComponentName Value="BaseForm"/>
        <HasResources Value="True"/>
        <ResourceBaseClass Value="Form"/>
        <UnitName Value="uBaseForm"/>
      </Unit1>
      <Unit2>
        <Filename Value="ubaselistform.pas"/>
        <IsPartOfProject Value="True"/>
        <ComponentName Value="BaseListForm"/>
        <HasResources Value="True"/>
        <ResourceBaseClass Value="Form"/>
      </Unit2>
      <Unit3>
        <Filename Value="ucphelper.pas"/>
        <IsPartOfProject Value="True"/>
      </Unit3>
      <Unit4>
        <Filename Value="uloginform.pas"/>
        <IsPartOfProject Value="True"/>
        <ComponentName Value="LoginForm"/>
        <HasResources Value="True"/>
        <ResourceBaseClass Value="Form"/>
      </Unit4>
      <Unit5>
        <Filename Value="umainform.pas"/>
        <IsPartOfProject Value="True"/>
        <ComponentName Value="MainForm"/>
        <HasResources Value="True"/>
        <ResourceBaseClass Value="Form"/>
      </Unit5>
      <Unit6>
        <Filename Value="umessageform.pas"/>
        <IsPartOfProject Value="True"/>
        <ComponentName Value="MessageForm"/>
        <HasResources Value="True"/>
        <ResourceBaseClass Value="Form"/>
      </Unit6>
    </Units>
  </ProjectOptions>
  <CompilerOptions>
    <Version Value="11"/>
    <PathDelim Value="\"/>
    <Target>
      <Filename Value="caposwin"/>
    </Target>
    <SearchPaths>
      <IncludeFiles Value="$(ProjOutDir)"/>
      <UnitOutputDirectory Value="lib\$(TargetCPU)-$(TargetOS)"/>
    </SearchPaths>
    <Linking>
      <Options>
        <Win32>
          <GraphicApplication Value="True"/>
        </Win32>
      </Options>
    </Linking>
  </CompilerOptions>
  <Debugging>
    <Exceptions Count="8">
      <Item1>
        <Name Value="EAbort"/>
      </Item1>
      <Item2>
        <Name Value="ECodetoolError"/>
      </Item2>
      <Item3>
        <Name Value="EFOpenError"/>
      </Item3>
      <Item4>
        <Name Value="EListError"/>
      </Item4>
      <Item5>
        <Name Value="FPImageException"/>
      </Item5>
      <Item6>
        <Name Value="EVariantTypeCastError"/>
      </Item6>
      <Item7>
        <Name Value="EJSON"/>
      </Item7>
      <Item8>
        <Name Value="EClassNotFound"/>
      </Item8>
    </Exceptions>
  </Debugging>
</CONFIG>
